
Microsoft Visual Studio Solution File, Format Version 12.00
# Visual Studio Version 17
VisualStudioVersion = 17.9.34321.82
MinimumVisualStudioVersion = 10.0.40219.1
Project("{FAE04EC0-301F-11D3-BF4B-00C04F79EFBC}") = "Service", "Service\Service.csproj", "{7F73BF3E-2E4F-4F12-BDF2-FC534D80AA98}"
EndProject
Project("{FAE04EC0-301F-11D3-BF4B-00C04F79EFBC}") = "Shared", "Shared\Shared.csproj", "{CDA58D8C-8E1C-408B-A44D-1E50E5B04CC3}"
EndProject
Project("{FAE04EC0-301F-11D3-BF4B-00C04F79EFBC}") = "Server", "Server\Server.csproj", "{656A7738-6754-4E56-9B77-417292FA8CD8}"
EndProject
Global
	GlobalSection(SolutionConfigurationPlatforms) = preSolution
		Debug|Any CPU = Debug|Any CPU
		Release|Any CPU = Release|Any CPU
	EndGlobalSection
	GlobalSection(ProjectConfigurationPlatforms) = postSolution
		{7F73BF3E-2E4F-4F12-BDF2-FC534D80AA98}.Debug|Any CPU.ActiveCfg = Debug|Any CPU
		{7F73BF3E-2E4F-4F12-BDF2-FC534D80AA98}.Debug|Any CPU.Build.0 = Debug|Any CPU
		{7F73BF3E-2E4F-4F12-BDF2-FC534D80AA98}.Release|Any CPU.ActiveCfg = Release|Any CPU
		{7F73BF3E-2E4F-4F12-BDF2-FC534D80AA98}.Release|Any CPU.Build.0 = Release|Any CPU
		{CDA58D8C-8E1C-408B-A44D-1E50E5B04CC3}.Debug|Any CPU.ActiveCfg = Debug|Any CPU
		{CDA58D8C-8E1C-408B-A44D-1E50E5B04CC3}.Debug|Any CPU.Build.0 = Debug|Any CPU
		{CDA58D8C-8E1C-408B-A44D-1E50E5B04CC3}.Release|Any CPU.ActiveCfg = Release|Any CPU
		{CDA58D8C-8E1C-408B-A44D-1E50E5B04CC3}.Release|Any CPU.Build.0 = Release|Any CPU
		{656A7738-6754-4E56-9B77-417292FA8CD8}.Debug|Any CPU.ActiveCfg = Debug|Any CPU
		{656A7738-6754-4E56-9B77-417292FA8CD8}.Debug|Any CPU.Build.0 = Debug|Any CPU
		{656A7738-6754-4E56-9B77-417292FA8CD8}.Release|Any CPU.ActiveCfg = Release|Any CPU
		{656A7738-6754-4E56-9B77-417292FA8CD8}.Release|Any CPU.Build.0 = Release|Any CPU
	EndGlobalSection
	GlobalSection(SolutionProperties) = preSolution
		HideSolutionNode = FALSE
	EndGlobalSection
	GlobalSection(ExtensibilityGlobals) = postSolution
		SolutionGuid = {EB325907-C8F1-4325-9A3D-D21650563553}
	EndGlobalSection
EndGlobal
